
Microsoft Visual Studio Solution File, Format Version 12.00
# Visual Studio Version 17
VisualStudioVersion = 17.7.34202.233
MinimumVisualStudioVersion = 10.0.40219.1
Project("{FAE04EC0-301F-11D3-BF4B-00C04F79EFBC}") = "Drinda_Marius_Lab2", "Drinda_Marius_Lab2\Drinda_Marius_Lab2.csproj", "{A5C00ABD-8400-4DB2-8B97-61A0F15BBBCB}"
EndProject
Global
	GlobalSection(SolutionConfigurationPlatforms) = preSolution
		Debug|Any CPU = Debug|Any CPU
		Release|Any CPU = Release|Any CPU
	EndGlobalSection
	GlobalSection(ProjectConfigurationPlatforms) = postSolution
		{A5C00ABD-8400-4DB2-8B97-61A0F15BBBCB}.Debug|Any CPU.ActiveCfg = Debug|Any CPU
		{A5C00ABD-8400-4DB2-8B97-61A0F15BBBCB}.Debug|Any CPU.Build.0 = Debug|Any CPU
		{A5C00ABD-8400-4DB2-8B97-61A0F15BBBCB}.Release|Any CPU.ActiveCfg = Release|Any CPU
		{A5C00ABD-8400-4DB2-8B97-61A0F15BBBCB}.Release|Any CPU.Build.0 = Release|Any CPU
	EndGlobalSection
	GlobalSection(SolutionProperties) = preSolution
		HideSolutionNode = FALSE
	EndGlobalSection
	GlobalSection(ExtensibilityGlobals) = postSolution
		SolutionGuid = {B61004C9-EDEC-4F13-A239-B20A127855D9}
	EndGlobalSection
EndGlobal
